
{
	"name": "obsidian-canvas-llm-extender",
	"version": "0.2",
	"lockfileVersion": 3,
	"requires": true,
	"packages": {
		"": {
			"name": "obsidian-canvas-llm-extender",
			"version": "0.2",
			"license": "MIT",
			"dependencies": {
				"obsidian": "latest",
				"openai": "^4.12.0"
			},
			"devDependencies": {
				"@types/node": "^16.11.6",
				"@typescript-eslint/eslint-plugin": "5.29.0",
				"@typescript-eslint/parser": "5.29.0",
				"builtin-modules": "3.3.0",
				"esbuild": "0.17.3",
				"tslib": "2.4.0",
				"typescript": "^4.9.5"
			}
		},
		"node_modules/@aashutoshrathi/word-wrap": {
			"version": "1.2.6",
			"resolved": "https://registry.npmjs.org/@aashutoshrathi/word-wrap/-/word-wrap-1.2.6.tgz",
			"integrity": "sha512-1Yjs2SvM8TflER/OD3cOjhWWOZb58A2t7wpE2S9XfBYTiIl+XFhQG2bjy4Pu1I+EAlCNUzRDYDdFwFYUKvXcIA==",
			"dev": true,
			"peer": true,
			"engines": {
				"node": ">=0.10.0"
			}
		},
		"node_modules/@codemirror/state": {
			"version": "6.2.1",
			"resolved": "https://registry.npmjs.org/@codemirror/state/-/state-6.2.1.tgz",
			"integrity": "sha512-RupHSZ8+OjNT38zU9fKH2sv+Dnlr8Eb8sl4NOnnqz95mCFTZUaiRP8Xv5MeeaG0px2b8Bnfe7YGwCV3nsBhbuw==",
			"peer": true
		},
		"node_modules/@codemirror/view": {
			"version": "6.21.3",
			"resolved": "https://registry.npmjs.org/@codemirror/view/-/view-6.21.3.tgz",
			"integrity": "sha512-8l1aSQ6MygzL4Nx7GVYhucSXvW4jQd0F6Zm3v9Dg+6nZEfwzJVqi4C2zHfDljID+73gsQrWp9TgHc81xU15O4A==",
			"peer": true,
			"dependencies": {
				"@codemirror/state": "^6.1.4",
				"style-mod": "^4.1.0",
				"w3c-keyname": "^2.2.4"
			}
		},
		"node_modules/@esbuild/linux-x64": {
			"version": "0.17.3",
			"resolved": "https://registry.npmjs.org/@esbuild/linux-x64/-/linux-x64-0.17.3.tgz",
			"integrity": "sha512-0AGkWQMzeoeAtXQRNB3s4J1/T2XbigM2/Mn2yU1tQSmQRmHIZdkGbVq2A3aDdNslPyhb9/lH0S5GMTZ4xsjBqg==",
			"cpu": [
				"x64"
			],
			"dev": true,
			"optional": true,
			"os": [
				"linux"
			],
			"engines": {
				"node": ">=12"
			}
		},
		"node_modules/@eslint-community/eslint-utils": {
			"version": "4.4.0",
			"resolved": "https://registry.npmjs.org/@eslint-community/eslint-utils/-/eslint-utils-4.4.0.tgz",
			"integrity": "sha512-1/sA4dwrzBAyeUoQ6oxahHKmrZvsnLCg4RfxW3ZFGGmQkSNQPFNLV9CUEFQP1x9EYXHTo5p6xdhZM1Ne9p/AfA==",
			"dev": true,
			"peer": true,
			"dependencies": {
				"eslint-visitor-keys": "^3.3.0"
			},
			"engines": {
				"node": "^12.22.0 || ^14.17.0 || >=16.0.0"
			},
			"peerDependencies": {
				"eslint": "^6.0.0 || ^7.0.0 || >=8.0.0"
			}
		},
		"node_modules/@eslint-community/regexpp": {
			"version": "4.9.1",
			"resolved": "https://registry.npmjs.org/@eslint-community/regexpp/-/regexpp-4.9.1.tgz",
			"integrity": "sha512-Y27x+MBLjXa+0JWDhykM3+JE+il3kHKAEqabfEWq3SDhZjLYb6/BHL/JKFnH3fe207JaXkyDo685Oc2Glt6ifA==",
			"dev": true,
			"peer": true,
			"engines": {
				"node": "^12.0.0 || ^14.0.0 || >=16.0.0"
			}
		},
		"node_modules/@eslint/eslintrc": {
			"version": "2.1.2",
			"resolved": "https://registry.npmjs.org/@eslint/eslintrc/-/eslintrc-2.1.2.tgz",
			"integrity": "sha512-+wvgpDsrB1YqAMdEUCcnTlpfVBH7Vqn6A/NT3D8WVXFIaKMlErPIZT3oCIAVCOtarRpMtelZLqJeU3t7WY6X6g==",
			"dev": true,
			"peer": true,
			"dependencies": {
				"ajv": "^6.12.4",
				"debug": "^4.3.2",
				"espree": "^9.6.0",
				"globals": "^13.19.0",
				"ignore": "^5.2.0",
				"import-fresh": "^3.2.1",
				"js-yaml": "^4.1.0",
				"minimatch": "^3.1.2",
				"strip-json-comments": "^3.1.1"
			},
			"engines": {
				"node": "^12.22.0 || ^14.17.0 || >=16.0.0"
			},
			"funding": {
				"url": "https://opencollective.com/eslint"
			}
		},
		"node_modules/@eslint/js": {
			"version": "8.51.0",
			"resolved": "https://registry.npmjs.org/@eslint/js/-/js-8.51.0.tgz",
			"integrity": "sha512-HxjQ8Qn+4SI3/AFv6sOrDB+g6PpUTDwSJiQqOrnneEk8L71161srI9gjzzZvYVbzHiVg/BvcH95+cK/zfIt4pg==",
			"dev": true,
			"peer": true,
			"engines": {
				"node": "^12.22.0 || ^14.17.0 || >=16.0.0"
			}
		},
		"node_modules/@humanwhocodes/config-array": {
			"version": "0.11.11",
			"resolved": "https://registry.npmjs.org/@humanwhocodes/config-array/-/config-array-0.11.11.tgz",
			"integrity": "sha512-N2brEuAadi0CcdeMXUkhbZB84eskAc8MEX1By6qEchoVywSgXPIjou4rYsl0V3Hj0ZnuGycGCjdNgockbzeWNA==",
			"dev": true,
			"peer": true,
			"dependencies": {
				"@humanwhocodes/object-schema": "^1.2.1",
				"debug": "^4.1.1",
				"minimatch": "^3.0.5"
			},
			"engines": {
				"node": ">=10.10.0"
			}
		},
		"node_modules/@humanwhocodes/module-importer": {
			"version": "1.0.1",
			"resolved": "https://registry.npmjs.org/@humanwhocodes/module-importer/-/module-importer-1.0.1.tgz",
			"integrity": "sha512-bxveV4V8v5Yb4ncFTT3rPSgZBOpCkjfK0y4oVVVJwIuDVBRMDXrPyXRL988i5ap9m9bnyEEjWfm5WkBmtffLfA==",
			"dev": true,
			"peer": true,
			"engines": {
				"node": ">=12.22"
			},
			"funding": {
				"type": "github",
				"url": "https://github.com/sponsors/nzakas"
			}
		},
		"node_modules/@humanwhocodes/object-schema": {
			"version": "1.2.1",
			"resolved": "https://registry.npmjs.org/@humanwhocodes/object-schema/-/object-schema-1.2.1.tgz",
			"integrity": "sha512-ZnQMnLV4e7hDlUvw8H+U8ASL02SS2Gn6+9Ac3wGGLIe7+je2AeAOxPY+izIPJDfFDb7eDjev0Us8MO1iFRN8hA==",
			"dev": true,
			"peer": true
		},
		"node_modules/@nodelib/fs.scandir": {
			"version": "2.1.5",
			"resolved": "https://registry.npmjs.org/@nodelib/fs.scandir/-/fs.scandir-2.1.5.tgz",
			"integrity": "sha512-vq24Bq3ym5HEQm2NKCr3yXDwjc7vTsEThRDnkp2DK9p1uqLR+DHurm/NOTo0KG7HYHU7eppKZj3MyqYuMBf62g==",
			"dev": true,
			"dependencies": {
				"@nodelib/fs.stat": "2.0.5",
				"run-parallel": "^1.1.9"
			},
			"engines": {
				"node": ">= 8"
			}
		},
		"node_modules/@nodelib/fs.stat": {
			"version": "2.0.5",
			"resolved": "https://registry.npmjs.org/@nodelib/fs.stat/-/fs.stat-2.0.5.tgz",
			"integrity": "sha512-RkhPPp2zrqDAQA/2jNhnztcPAlv64XdhIp7a7454A5ovI7Bukxgt7MX7udwAu3zg1DcpPU0rz3VV1SeaqvY4+A==",
			"dev": true,
			"engines": {
				"node": ">= 8"
			}
		},
		"node_modules/@nodelib/fs.walk": {
			"version": "1.2.8",
			"resolved": "https://registry.npmjs.org/@nodelib/fs.walk/-/fs.walk-1.2.8.tgz",
			"integrity": "sha512-oGB+UxlgWcgQkgwo8GcEGwemoTFt3FIO9ababBmaGwXIoBKZ+GTy0pP185beGg7Llih/NSHSV2XAs1lnznocSg==",
			"dev": true,
			"dependencies": {
				"@nodelib/fs.scandir": "2.1.5",
				"fastq": "^1.6.0"
			},
			"engines": {
				"node": ">= 8"
			}
		},
		"node_modules/@types/codemirror": {
			"version": "5.60.8",
			"resolved": "https://registry.npmjs.org/@types/codemirror/-/codemirror-5.60.8.tgz",
			"integrity": "sha512-VjFgDF/eB+Aklcy15TtOTLQeMjTo07k7KAjql8OK5Dirr7a6sJY4T1uVBDuTVG9VEmn1uUsohOpYnVfgC6/jyw==",
			"dependencies": {
				"@types/tern": "*"
			}
		},
		"node_modules/@types/estree": {
			"version": "1.0.2",
			"resolved": "https://registry.npmjs.org/@types/estree/-/estree-1.0.2.tgz",
			"integrity": "sha512-VeiPZ9MMwXjO32/Xu7+OwflfmeoRwkE/qzndw42gGtgJwZopBnzy2gD//NN1+go1mADzkDcqf/KnFRSjTJ8xJA=="
		},
		"node_modules/@types/json-schema": {
			"version": "7.0.13",
			"resolved": "https://registry.npmjs.org/@types/json-schema/-/json-schema-7.0.13.tgz",
			"integrity": "sha512-RbSSoHliUbnXj3ny0CNFOoxrIDV6SUGyStHsvDqosw6CkdPV8TtWGlfecuK4ToyMEAql6pzNxgCFKanovUzlgQ==",
			"dev": true
		},
		"node_modules/@types/node": {
			"version": "16.18.58",
			"resolved": "https://registry.npmjs.org/@types/node/-/node-16.18.58.tgz",
			"integrity": "sha512-YGncyA25/MaVtQkjWW9r0EFBukZ+JulsLcVZBlGUfIb96OBMjkoRWwQo5IEWJ8Fj06Go3GHw+bjYDitv6BaGsA=="
		},
		"node_modules/@types/node-fetch": {
			"version": "2.6.6",
			"resolved": "https://registry.npmjs.org/@types/node-fetch/-/node-fetch-2.6.6.tgz",
			"integrity": "sha512-95X8guJYhfqiuVVhRFxVQcf4hW/2bCuoPwDasMf/531STFoNoWTT7YDnWdXHEZKqAGUigmpG31r2FE70LwnzJw==",
			"dependencies": {
				"@types/node": "*",
				"form-data": "^4.0.0"
			}
		},
		"node_modules/@types/tern": {
			"version": "0.23.5",
			"resolved": "https://registry.npmjs.org/@types/tern/-/tern-0.23.5.tgz",
			"integrity": "sha512-POau56wDk3TQ0mQ0qG7XDzv96U5whSENZ9lC0htDvEH+9YUREo+J2U+apWcVRgR2UydEE70JXZo44goG+akTNQ==",
			"dependencies": {
				"@types/estree": "*"
			}
		},
		"node_modules/@typescript-eslint/eslint-plugin": {
			"version": "5.29.0",
			"resolved": "https://registry.npmjs.org/@typescript-eslint/eslint-plugin/-/eslint-plugin-5.29.0.tgz",
			"integrity": "sha512-kgTsISt9pM53yRFQmLZ4npj99yGl3x3Pl7z4eA66OuTzAGC4bQB5H5fuLwPnqTKU3yyrrg4MIhjF17UYnL4c0w==",
			"dev": true,
			"dependencies": {
				"@typescript-eslint/scope-manager": "5.29.0",
				"@typescript-eslint/type-utils": "5.29.0",
				"@typescript-eslint/utils": "5.29.0",
				"debug": "^4.3.4",
				"functional-red-black-tree": "^1.0.1",
				"ignore": "^5.2.0",
				"regexpp": "^3.2.0",
				"semver": "^7.3.7",
				"tsutils": "^3.21.0"
			},
			"engines": {
				"node": "^12.22.0 || ^14.17.0 || >=16.0.0"
			},
			"funding": {
				"type": "opencollective",
				"url": "https://opencollective.com/typescript-eslint"
			},
			"peerDependencies": {
				"@typescript-eslint/parser": "^5.0.0",
				"eslint": "^6.0.0 || ^7.0.0 || ^8.0.0"
			},
			"peerDependenciesMeta": {
				"typescript": {
					"optional": true
				}
			}
		},
		"node_modules/@typescript-eslint/parser": {
			"version": "5.29.0",
			"resolved": "https://registry.npmjs.org/@typescript-eslint/parser/-/parser-5.29.0.tgz",
			"integrity": "sha512-ruKWTv+x0OOxbzIw9nW5oWlUopvP/IQDjB5ZqmTglLIoDTctLlAJpAQFpNPJP/ZI7hTT9sARBosEfaKbcFuECw==",
			"dev": true,
			"dependencies": {
				"@typescript-eslint/scope-manager": "5.29.0",
				"@typescript-eslint/types": "5.29.0",
				"@typescript-eslint/typescript-estree": "5.29.0",
				"debug": "^4.3.4"
			},
			"engines": {
				"node": "^12.22.0 || ^14.17.0 || >=16.0.0"
			},
			"funding": {
				"type": "opencollective",
				"url": "https://opencollective.com/typescript-eslint"
			},
			"peerDependencies": {
				"eslint": "^6.0.0 || ^7.0.0 || ^8.0.0"
			},
			"peerDependenciesMeta": {
				"typescript": {
					"optional": true
				}
			}
		},
		"node_modules/@typescript-eslint/scope-manager": {
			"version": "5.29.0",
			"resolved": "https://registry.npmjs.org/@typescript-eslint/scope-manager/-/scope-manager-5.29.0.tgz",
			"integrity": "sha512-etbXUT0FygFi2ihcxDZjz21LtC+Eps9V2xVx09zFoN44RRHPrkMflidGMI+2dUs821zR1tDS6Oc9IXxIjOUZwA==",
			"dev": true,
			"dependencies": {
				"@typescript-eslint/types": "5.29.0",
				"@typescript-eslint/visitor-keys": "5.29.0"
			},
			"engines": {