
{
	"name": "obsidian-canvas-llm-extender",
	"version": "0.2",
	"lockfileVersion": 3,
	"requires": true,
	"packages": {
		"": {
			"name": "obsidian-canvas-llm-extender",
			"version": "0.2",
			"license": "MIT",
			"dependencies": {
				"obsidian": "latest",
				"openai": "^4.12.0"
			},
			"devDependencies": {
				"@types/node": "^16.11.6",
				"@typescript-eslint/eslint-plugin": "5.29.0",
				"@typescript-eslint/parser": "5.29.0",
				"builtin-modules": "3.3.0",
				"esbuild": "0.17.3",
				"tslib": "2.4.0",
				"typescript": "^4.9.5"
			}
		},
		"node_modules/@aashutoshrathi/word-wrap": {
			"version": "1.2.6",
			"resolved": "https://registry.npmjs.org/@aashutoshrathi/word-wrap/-/word-wrap-1.2.6.tgz",
			"integrity": "sha512-1Yjs2SvM8TflER/OD3cOjhWWOZb58A2t7wpE2S9XfBYTiIl+XFhQG2bjy4Pu1I+EAlCNUzRDYDdFwFYUKvXcIA==",
			"dev": true,
			"peer": true,
			"engines": {
				"node": ">=0.10.0"
			}
		},
		"node_modules/@codemirror/state": {
			"version": "6.2.1",
			"resolved": "https://registry.npmjs.org/@codemirror/state/-/state-6.2.1.tgz",
			"integrity": "sha512-RupHSZ8+OjNT38zU9fKH2sv+Dnlr8Eb8sl4NOnnqz95mCFTZUaiRP8Xv5MeeaG0px2b8Bnfe7YGwCV3nsBhbuw==",
			"peer": true
		},
		"node_modules/@codemirror/view": {
			"version": "6.21.3",
			"resolved": "https://registry.npmjs.org/@codemirror/view/-/view-6.21.3.tgz",
			"integrity": "sha512-8l1aSQ6MygzL4Nx7GVYhucSXvW4jQd0F6Zm3v9Dg+6nZEfwzJVqi4C2zHfDljID+73gsQrWp9TgHc81xU15O4A==",
			"peer": true,
			"dependencies": {
				"@codemirror/state": "^6.1.4",
				"style-mod": "^4.1.0",
				"w3c-keyname": "^2.2.4"
			}
		},
		"node_modules/@esbuild/linux-x64": {
			"version": "0.17.3",
			"resolved": "https://registry.npmjs.org/@esbuild/linux-x64/-/linux-x64-0.17.3.tgz",
			"integrity": "sha512-0AGkWQMzeoeAtXQRNB3s4J1/T2XbigM2/Mn2yU1tQSmQRmHIZdkGbVq2A3aDdNslPyhb9/lH0S5GMTZ4xsjBqg==",
			"cpu": [
				"x64"
			],
			"dev": true,
			"optional": true,
			"os": [
				"linux"
			],
			"engines": {
				"node": ">=12"
			}
		},
		"node_modules/@eslint-community/eslint-utils": {
			"version": "4.4.0",
			"resolved": "https://registry.npmjs.org/@eslint-community/eslint-utils/-/eslint-utils-4.4.0.tgz",
			"integrity": "sha512-1/sA4dwrzBAyeUoQ6oxahHKmrZvsnLCg4RfxW3ZFGGmQkSNQPFNLV9CUEFQP1x9EYXHTo5p6xdhZM1Ne9p/AfA==",
			"dev": true,
			"peer": true,
			"dependencies": {
				"eslint-visitor-keys": "^3.3.0"
			},
			"engines": {
				"node": "^12.22.0 || ^14.17.0 || >=16.0.0"
			},
			"peerDependencies": {
				"eslint": "^6.0.0 || ^7.0.0 || >=8.0.0"
			}
		},
		"node_modules/@eslint-community/regexpp": {
			"version": "4.9.1",
			"resolved": "https://registry.npmjs.org/@eslint-community/regexpp/-/regexpp-4.9.1.tgz",
			"integrity": "sha512-Y27x+MBLjXa+0JWDhykM3+JE+il3kHKAEqabfEWq3SDhZjLYb6/BHL/JKFnH3fe207JaXkyDo685Oc2Glt6ifA==",
			"dev": true,
			"peer": true,
			"engines": {
				"node": "^12.0.0 || ^14.0.0 || >=16.0.0"
			}
		},
		"node_modules/@eslint/eslintrc": {
			"version": "2.1.2",
			"resolved": "https://registry.npmjs.org/@eslint/eslintrc/-/eslintrc-2.1.2.tgz",
			"integrity": "sha512-+wvgpDsrB1YqAMdEUCcnTlpfVBH7Vqn6A/NT3D8WVXFIaKMlErPIZT3oCIAVCOtarRpMtelZLqJeU3t7WY6X6g==",
			"dev": true,
			"peer": true,
			"dependencies": {
				"ajv": "^6.12.4",
				"debug": "^4.3.2",
				"espree": "^9.6.0",
				"globals": "^13.19.0",
				"ignore": "^5.2.0",
				"import-fresh": "^3.2.1",
				"js-yaml": "^4.1.0",
				"minimatch": "^3.1.2",
				"strip-json-comments": "^3.1.1"
			},
			"engines": {
				"node": "^12.22.0 || ^14.17.0 || >=16.0.0"
			},
			"funding": {
				"url": "https://opencollective.com/eslint"
			}
		},
		"node_modules/@eslint/js": {
			"version": "8.51.0",
			"resolved": "https://registry.npmjs.org/@eslint/js/-/js-8.51.0.tgz",
			"integrity": "sha512-HxjQ8Qn+4SI3/AFv6sOrDB+g6PpUTDwSJiQqOrnneEk8L71161srI9gjzzZvYVbzHiVg/BvcH95+cK/zfIt4pg==",
			"dev": true,
			"peer": true,
			"engines": {
				"node": "^12.22.0 || ^14.17.0 || >=16.0.0"
			}
		},
		"node_modules/@humanwhocodes/config-array": {
			"version": "0.11.11",
			"resolved": "https://registry.npmjs.org/@humanwhocodes/config-array/-/config-array-0.11.11.tgz",
			"integrity": "sha512-N2brEuAadi0CcdeMXUkhbZB84eskAc8MEX1By6qEchoVywSgXPIjou4rYsl0V3Hj0ZnuGycGCjdNgockbzeWNA==",
			"dev": true,
			"peer": true,
			"dependencies": {