
{
	"name": "obsidian-canvas-llm-extender",
	"version": "0.2",
	"lockfileVersion": 3,
	"requires": true,
	"packages": {
		"": {
			"name": "obsidian-canvas-llm-extender",
			"version": "0.2",
			"license": "MIT",
			"dependencies": {
				"obsidian": "latest",
				"openai": "^4.12.0"
			},
			"devDependencies": {
				"@types/node": "^16.11.6",
				"@typescript-eslint/eslint-plugin": "5.29.0",
				"@typescript-eslint/parser": "5.29.0",
				"builtin-modules": "3.3.0",
				"esbuild": "0.17.3",
				"tslib": "2.4.0",
				"typescript": "^4.9.5"
			}
		},
		"node_modules/@aashutoshrathi/word-wrap": {
			"version": "1.2.6",
			"resolved": "https://registry.npmjs.org/@aashutoshrathi/word-wrap/-/word-wrap-1.2.6.tgz",
			"integrity": "sha512-1Yjs2SvM8TflER/OD3cOjhWWOZb58A2t7wpE2S9XfBYTiIl+XFhQG2bjy4Pu1I+EAlCNUzRDYDdFwFYUKvXcIA==",
			"dev": true,
			"peer": true,
			"engines": {
				"node": ">=0.10.0"
			}
		},
		"node_modules/@codemirror/state": {
			"version": "6.2.1",
			"resolved": "https://registry.npmjs.org/@codemirror/state/-/state-6.2.1.tgz",
			"integrity": "sha512-RupHSZ8+OjNT38zU9fKH2sv+Dnlr8Eb8sl4NOnnqz95mCFTZUaiRP8Xv5MeeaG0px2b8Bnfe7YGwCV3nsBhbuw==",
			"peer": true
		},
		"node_modules/@codemirror/view": {
			"version": "6.21.3",
			"resolved": "https://registry.npmjs.org/@codemirror/view/-/view-6.21.3.tgz",
			"integrity": "sha512-8l1aSQ6MygzL4Nx7GVYhucSXvW4jQd0F6Zm3v9Dg+6nZEfwzJVqi4C2zHfDljID+73gsQrWp9TgHc81xU15O4A==",
			"peer": true,
			"dependencies": {
				"@codemirror/state": "^6.1.4",
				"style-mod": "^4.1.0",
				"w3c-keyname": "^2.2.4"
			}
		},
		"node_modules/@esbuild/linux-x64": {
			"version": "0.17.3",
			"resolved": "https://registry.npmjs.org/@esbuild/linux-x64/-/linux-x64-0.17.3.tgz",
			"integrity": "sha512-0AGkWQMzeoeAtXQRNB3s4J1/T2XbigM2/Mn2yU1tQSmQRmHIZdkGbVq2A3aDdNslPyhb9/lH0S5GMTZ4xsjBqg==",
			"cpu": [
				"x64"
			],
			"dev": true,
			"optional": true,
			"os": [
				"linux"
			],
			"engines": {
				"node": ">=12"
			}
		},
		"node_modules/@eslint-community/eslint-utils": {
			"version": "4.4.0",
			"resolved": "https://registry.npmjs.org/@eslint-community/eslint-utils/-/eslint-utils-4.4.0.tgz",
			"integrity": "sha512-1/sA4dwrzBAyeUoQ6oxahHKmrZvsnLCg4RfxW3ZFGGmQkSNQPFNLV9CUEFQP1x9EYXHTo5p6xdhZM1Ne9p/AfA==",
			"dev": true,
			"peer": true,